{
  "name": "gui",
  "version": "0.1.0",
  "lockfileVersion": 1,
  "requires": true,
  "dependencies": {
    "fetch-intercept": {
      "version": "2.3.1",
      "resolved": "https://registry.npmjs.org/fetch-intercept/-/fetch-intercept-2.3.1.tgz",
      "integrity": "sha512-6tEgV10w4Zr4YFLc+RXaUQ1k8O4okX6AsnYYQqGhfXeiDZcBTQonVpjM5LbLWXWzaQzCA3DyJbsOHEB5szRn5A=="
    }
  }
}
